
Microsoft Visual Studio Solution File, Format Version 12.00
# Visual Studio Version 17
VisualStudioVersion = 17.5.33424.131
MinimumVisualStudioVersion = 10.0.40219.1
Project("{FAE04EC0-301F-11D3-BF4B-00C04F79EFBC}") = "MvcCoreCSRF", "MvcCoreCSRF\MvcCoreCSRF.csproj", "{23BAEC7E-906D-452E-AD89-CA6FB4895697}"
EndProject
Global
	GlobalSection(SolutionConfigurationPlatforms) = preSolution
		Debug|Any CPU = Debug|Any CPU
		Release|Any CPU = Release|Any CPU
	EndGlobalSection
	GlobalSection(ProjectConfigurationPlatforms) = postSolution
		{23BAEC7E-906D-452E-AD89-CA6FB4895697}.Debug|Any CPU.ActiveCfg = Debug|Any CPU
		{23BAEC7E-906D-452E-AD89-CA6FB4895697}.Debug|Any CPU.Build.0 = Debug|Any CPU
		{23BAEC7E-906D-452E-AD89-CA6FB4895697}.Release|Any CPU.ActiveCfg = Release|Any CPU
		{23BAEC7E-906D-452E-AD89-CA6FB4895697}.Release|Any CPU.Build.0 = Release|Any CPU
	EndGlobalSection
	GlobalSection(SolutionProperties) = preSolution
		HideSolutionNode = FALSE
	EndGlobalSection
	GlobalSection(ExtensibilityGlobals) = postSolution
		SolutionGuid = {990A1E88-5A41-4DD3-A206-80A622C30C9C}
	EndGlobalSection
EndGlobal
